
Microsoft Visual Studio Solution File, Format Version 12.00
# Visual Studio Version 17
VisualStudioVersion = 17.5.33103.201
MinimumVisualStudioVersion = 10.0.40219.1
Project("{9A19103F-16F7-4668-BE54-9A1E7A4F7556}") = "BlazorBlog.API", "AngularBlog.API\BlazorBlog.API.csproj", "{6920E3ED-44FB-4BE2-B62B-4E72FDAE9BBB}"
EndProject
Global
	GlobalSection(SolutionConfigurationPlatforms) = preSolution
		Debug|Any CPU = Debug|Any CPU
		Release|Any CPU = Release|Any CPU
	EndGlobalSection
	GlobalSection(ProjectConfigurationPlatforms) = postSolution
		{6920E3ED-44FB-4BE2-B62B-4E72FDAE9BBB}.Debug|Any CPU.ActiveCfg = Debug|Any CPU
		{6920E3ED-44FB-4BE2-B62B-4E72FDAE9BBB}.Debug|Any CPU.Build.0 = Debug|Any CPU
		{6920E3ED-44FB-4BE2-B62B-4E72FDAE9BBB}.Release|Any CPU.ActiveCfg = Release|Any CPU
		{6920E3ED-44FB-4BE2-B62B-4E72FDAE9BBB}.Release|Any CPU.Build.0 = Release|Any CPU
	EndGlobalSection
	GlobalSection(SolutionProperties) = preSolution
		HideSolutionNode = FALSE
	EndGlobalSection
	GlobalSection(ExtensibilityGlobals) = postSolution
		SolutionGuid = {2C8517A1-DCD5-4909-9C9C-471E455BD17E}
	EndGlobalSection
EndGlobal
